
Microsoft Visual Studio Solution File, Format Version 12.00
# Visual Studio 2013
VisualStudioVersion = 12.0.31101.0
MinimumVisualStudioVersion = 10.0.40219.1
Project("{FAE04EC0-301F-11D3-BF4B-00C04F79EFBC}") = "Website", "Website\Website.csproj", "{0ABB457F-5F99-4602-873A-23B6A2787744}"
EndProject
Project("{FAE04EC0-301F-11D3-BF4B-00C04F79EFBC}") = "WebJob", "WebJob\WebJob.csproj", "{435D2CCA-7D77-4409-B6C5-721C855C985F}"
EndProject
Global
	GlobalSection(SolutionConfigurationPlatforms) = preSolution
		Debug|Any CPU = Debug|Any CPU
		Release|Any CPU = Release|Any CPU
	EndGlobalSection
	GlobalSection(ProjectConfigurationPlatforms) = postSolution
		{0ABB457F-5F99-4602-873A-23B6A2787744}.Debug|Any CPU.ActiveCfg = Debug|Any CPU
		{0ABB457F-5F99-4602-873A-23B6A2787744}.Debug|Any CPU.Build.0 = Debug|Any CPU
		{0ABB457F-5F99-4602-873A-23B6A2787744}.Release|Any CPU.ActiveCfg = Release|Any CPU
		{0ABB457F-5F99-4602-873A-23B6A2787744}.Release|Any CPU.Build.0 = Release|Any CPU
		{435D2CCA-7D77-4409-B6C5-721C855C985F}.Debug|Any CPU.ActiveCfg = Debug|Any CPU
		{435D2CCA-7D77-4409-B6C5-721C855C985F}.Debug|Any CPU.Build.0 = Debug|Any CPU
		{435D2CCA-7D77-4409-B6C5-721C855C985F}.Release|Any CPU.ActiveCfg = Release|Any CPU
		{435D2CCA-7D77-4409-B6C5-721C855C985F}.Release|Any CPU.Build.0 = Release|Any CPU
	EndGlobalSection
	GlobalSection(SolutionProperties) = preSolution
		HideSolutionNode = FALSE
	EndGlobalSection
EndGlobal
